
Microsoft Visual Studio Solution File, Format Version 12.00
Project("{2150E333-8FDC-42A3-9474-1A3956D46DE8}") = "src", "src", "{0B984A78-F833-4EFC-ABA1-9A019F12FAAE}"
EndProject
Project("{FAE04EC0-301F-11D3-BF4B-00C04F79EFBC}") = "Domain", "Domain\Domain.csproj", "{C94A44F0-CB6F-40EA-AF78-84960F346049}"
EndProject
Project("{FAE04EC0-301F-11D3-BF4B-00C04F79EFBC}") = "Application", "Application\Application.csproj", "{E620729A-0067-4708-BB33-7BF5D77065A7}"
EndProject
Project("{FAE04EC0-301F-11D3-BF4B-00C04F79EFBC}") = "Infrastructure", "Infrastructure\Infrastructure.csproj", "{830DAFFC-82F2-4016-A5B7-FF3F66FABF39}"
EndProject
Project("{FAE04EC0-301F-11D3-BF4B-00C04F79EFBC}") = "Presentation", "Presentation\Presentation.csproj", "{B332590E-8CB6-436B-A107-A47D41FE1B83}"
EndProject
Project("{FAE04EC0-301F-11D3-BF4B-00C04F79EFBC}") = "WebApi", "WebApi\WebApi.csproj", "{B7A16912-1986-42D9-A739-81484D483966}"
EndProject
Global
	GlobalSection(SolutionConfigurationPlatforms) = preSolution
		Debug|Any CPU = Debug|Any CPU
		Release|Any CPU = Release|Any CPU
	EndGlobalSection
	GlobalSection(NestedProjects) = preSolution
		{C94A44F0-CB6F-40EA-AF78-84960F346049} = {0B984A78-F833-4EFC-ABA1-9A019F12FAAE}
		{E620729A-0067-4708-BB33-7BF5D77065A7} = {0B984A78-F833-4EFC-ABA1-9A019F12FAAE}
		{830DAFFC-82F2-4016-A5B7-FF3F66FABF39} = {0B984A78-F833-4EFC-ABA1-9A019F12FAAE}
		{B332590E-8CB6-436B-A107-A47D41FE1B83} = {0B984A78-F833-4EFC-ABA1-9A019F12FAAE}
		{B7A16912-1986-42D9-A739-81484D483966} = {0B984A78-F833-4EFC-ABA1-9A019F12FAAE}
	EndGlobalSection
	GlobalSection(ProjectConfigurationPlatforms) = postSolution
		{C94A44F0-CB6F-40EA-AF78-84960F346049}.Debug|Any CPU.ActiveCfg = Debug|Any CPU
		{C94A44F0-CB6F-40EA-AF78-84960F346049}.Debug|Any CPU.Build.0 = Debug|Any CPU
		{C94A44F0-CB6F-40EA-AF78-84960F346049}.Release|Any CPU.ActiveCfg = Release|Any CPU
		{C94A44F0-CB6F-40EA-AF78-84960F346049}.Release|Any CPU.Build.0 = Release|Any CPU
		{E620729A-0067-4708-BB33-7BF5D77065A7}.Debug|Any CPU.ActiveCfg = Debug|Any CPU
		{E620729A-0067-4708-BB33-7BF5D77065A7}.Debug|Any CPU.Build.0 = Debug|Any CPU
		{E620729A-0067-4708-BB33-7BF5D77065A7}.Release|Any CPU.ActiveCfg = Release|Any CPU
		{E620729A-0067-4708-BB33-7BF5D77065A7}.Release|Any CPU.Build.0 = Release|Any CPU
		{830DAFFC-82F2-4016-A5B7-FF3F66FABF39}.Debug|Any CPU.ActiveCfg = Debug|Any CPU
		{830DAFFC-82F2-4016-A5B7-FF3F66FABF39}.Debug|Any CPU.Build.0 = Debug|Any CPU
		{830DAFFC-82F2-4016-A5B7-FF3F66FABF39}.Release|Any CPU.ActiveCfg = Release|Any CPU
		{830DAFFC-82F2-4016-A5B7-FF3F66FABF39}.Release|Any CPU.Build.0 = Release|Any CPU
		{B332590E-8CB6-436B-A107-A47D41FE1B83}.Debug|Any CPU.ActiveCfg = Debug|Any CPU
		{B332590E-8CB6-436B-A107-A47D41FE1B83}.Debug|Any CPU.Build.0 = Debug|Any CPU
		{B332590E-8CB6-436B-A107-A47D41FE1B83}.Release|Any CPU.ActiveCfg = Release|Any CPU
		{B332590E-8CB6-436B-A107-A47D41FE1B83}.Release|Any CPU.Build.0 = Release|Any CPU
		{B7A16912-1986-42D9-A739-81484D483966}.Debug|Any CPU.ActiveCfg = Debug|Any CPU
		{B7A16912-1986-42D9-A739-81484D483966}.Debug|Any CPU.Build.0 = Debug|Any CPU
		{B7A16912-1986-42D9-A739-81484D483966}.Release|Any CPU.ActiveCfg = Release|Any CPU
		{B7A16912-1986-42D9-A739-81484D483966}.Release|Any CPU.Build.0 = Release|Any CPU
	EndGlobalSection
EndGlobal
